
Microsoft Visual Studio Solution File, Format Version 12.00
# Visual Studio Version 17
VisualStudioVersion = 17.0.31903.59
MinimumVisualStudioVersion = 10.0.40219.1
Project("{FAE04EC0-301F-11D3-BF4B-00C04F79EFBC}") = "API", "API\API.csproj", "{875DAE51-834F-4A9E-9438-88A2181600F6}"
EndProject
Project("{FAE04EC0-301F-11D3-BF4B-00C04F79EFBC}") = "Core", "Core\Core.csproj", "{15212EDD-E627-445A-BF14-121FF211D4A3}"
EndProject
Project("{FAE04EC0-301F-11D3-BF4B-00C04F79EFBC}") = "Infrastructure", "Infrastructure\Infrastructure.csproj", "{D6077837-023D-43D9-8E36-6768022B30CB}"
EndProject
Global
	GlobalSection(SolutionConfigurationPlatforms) = preSolution
		Debug|Any CPU = Debug|Any CPU
		Release|Any CPU = Release|Any CPU
	EndGlobalSection
	GlobalSection(SolutionProperties) = preSolution
		HideSolutionNode = FALSE
	EndGlobalSection
	GlobalSection(ProjectConfigurationPlatforms) = postSolution
		{875DAE51-834F-4A9E-9438-88A2181600F6}.Debug|Any CPU.ActiveCfg = Debug|Any CPU
		{875DAE51-834F-4A9E-9438-88A2181600F6}.Debug|Any CPU.Build.0 = Debug|Any CPU
		{875DAE51-834F-4A9E-9438-88A2181600F6}.Release|Any CPU.ActiveCfg = Release|Any CPU
		{875DAE51-834F-4A9E-9438-88A2181600F6}.Release|Any CPU.Build.0 = Release|Any CPU
		{15212EDD-E627-445A-BF14-121FF211D4A3}.Debug|Any CPU.ActiveCfg = Debug|Any CPU
		{15212EDD-E627-445A-BF14-121FF211D4A3}.Debug|Any CPU.Build.0 = Debug|Any CPU
		{15212EDD-E627-445A-BF14-121FF211D4A3}.Release|Any CPU.ActiveCfg = Release|Any CPU
		{15212EDD-E627-445A-BF14-121FF211D4A3}.Release|Any CPU.Build.0 = Release|Any CPU
		{D6077837-023D-43D9-8E36-6768022B30CB}.Debug|Any CPU.ActiveCfg = Debug|Any CPU
		{D6077837-023D-43D9-8E36-6768022B30CB}.Debug|Any CPU.Build.0 = Debug|Any CPU
		{D6077837-023D-43D9-8E36-6768022B30CB}.Release|Any CPU.ActiveCfg = Release|Any CPU
		{D6077837-023D-43D9-8E36-6768022B30CB}.Release|Any CPU.Build.0 = Release|Any CPU
	EndGlobalSection
EndGlobal
